{
  "name": "primefit",
  "version": "0.1.0",
  "lockfileVersion": 1,
  "requires": true,
  "dependencies": {
    "react-device-detect": {
      "version": "1.6.2",
      "resolved": "https://registry.npmjs.org/react-device-detect/-/react-device-detect-1.6.2.tgz",
      "integrity": "sha512-XIBgwIfpGAknm7tXe/YNbx4ieIR7IyFI3KNfSQk4UjHVy97UHe/nB7iJj8R/dDsI+I/ZzPR4HJ39Gh5tI4nhxw=="
    }
  }
}
